github.com/tychoish/birch v0.2.3-0.20230708044500-bd86569eda49 h1:CoPJzm4Fc+DlXez/64eDJ8NzKlCJAtX7vJfc4cbl62o=
github.com/tychoish/birch v0.2.3-0.20230708044500-bd86569eda49/go.mod h1:ky++M4bZOdtDBSWv0Z4uQv42EPD1FmFLYp2aBDjhHPM=
github.com/tychoish/birch/x/ftdc v0.0.0-20230708044500-bd86569eda49 h1:WtlQRn5sb0OkRefaBUsizLsC9/8OusEchjH2IV6WcEU=
github.com/tychoish/birch/x/ftdc v0.0.0-20230708044500-bd86569eda49/go.mod h1:eAkHGxL73BATG+UC2yeIO9vnyitSjfNbImsN4k+Cx/o=
github.com/tychoish/fun v0.10.2 h1:6gImViJ9oig8l3AtacT0YQQhCBeaLAAQx8u4VL1zsiw=
github.com/tychoish/fun v0.10.2/go.mod h1:ZZfrwtsnHHV81ecZCBPp57DjjYY9Io39JH2QSXNpKn4=
github.com/tychoish/fun v0.10.3 h1:R7VIf4c8fRRSYUDMVuNzHYXLTUt7lshaXtIY7KAbko8=
github.com/tychoish/fun v0.10.3/go.mod h1:ZZfrwtsnHHV81ecZCBPp57DjjYY9Io39JH2QSXNpKn4=
github.com/tychoish/grip v0.3.4 h1:L50E1q6WvUssZITxudh+z7S7il9tifYf1wNXgx9ziRo=
github.com/tychoish/grip v0.3.4/go.mod h1:uIWUQlfPGQXpvXVuZUsXFtqLNcudOGiflUOYOcg6hCY=
