github.com/bluele/slack v0.0.0-20180528010058-b4b4d354a079 h1:dm7wU6Dyf+rVGryOAB8/J/I+pYT/9AdG8dstD3kdMWU=
github.com/bluele/slack v0.0.0-20180528010058-b4b4d354a079/go.mod h1:W679Ri2W93VLD8cVpEY/zLH1ow4zhJcCyjzrKxfM3QM=
github.com/tychoish/fun v0.14.1 h1:fMeLxEPUjiFa13KyPtf/JZb8m7KXJrB5sHipyMEFJIk=
github.com/tychoish/fun v0.14.1/go.mod h1:ghjR/9EyWh8h8oBg2+WJhsEcF/W4JXMWpo6btMRNusE=
github.com/tychoish/grip v0.4.2 h1:eMjJzTFUnljw43PmQ84SQX8if7dyXh82+ZapfvbGmRk=
github.com/tychoish/grip v0.4.2/go.mod h1:IRxtoZ4xe0fDH5W2Yg/JwpNW9dYQojg7ev+1gCw4Tv8=
