github.com/bluele/slack v0.0.0-20180528010058-b4b4d354a079 h1:dm7wU6Dyf+rVGryOAB8/J/I+pYT/9AdG8dstD3kdMWU=
github.com/bluele/slack v0.0.0-20180528010058-b4b4d354a079/go.mod h1:W679Ri2W93VLD8cVpEY/zLH1ow4zhJcCyjzrKxfM3QM=
github.com/tychoish/fun v0.10.9 h1:mTuS1Rp3TN5GAzDLVo09CpPnixBFD7PZKQ30QFOAvlc=
github.com/tychoish/fun v0.10.9/go.mod h1:ZZfrwtsnHHV81ecZCBPp57DjjYY9Io39JH2QSXNpKn4=
github.com/tychoish/grip v0.3.8 h1:KVVHdNUqX4faou763qNiB3Ol/zuLopOfIF3VO/NFmHE=
github.com/tychoish/grip v0.3.8/go.mod h1:jCO0mMQqP/Qxy/wgwTj5n5wFUhWK5lB3ZvqcYGORWwA=
