github.com/tychoish/fun v0.10.3 h1:R7VIf4c8fRRSYUDMVuNzHYXLTUt7lshaXtIY7KAbko8=
github.com/tychoish/fun v0.10.3/go.mod h1:ZZfrwtsnHHV81ecZCBPp57DjjYY9Io39JH2QSXNpKn4=
github.com/tychoish/fun v0.10.4 h1:ZV//9hmGCKt5QDdEhEYLVWWjkjJkzhpIwXiHeTjUAOo=
github.com/tychoish/fun v0.10.4/go.mod h1:ZZfrwtsnHHV81ecZCBPp57DjjYY9Io39JH2QSXNpKn4=
github.com/tychoish/fun v0.10.6-0.20230829195000-6cd43bc008be h1:1uv1nPmlIRlj/T2HDFcTktocvuwXUXOaqI4UBma2UTk=
github.com/tychoish/fun v0.10.6-0.20230829195000-6cd43bc008be/go.mod h1:ZZfrwtsnHHV81ecZCBPp57DjjYY9Io39JH2QSXNpKn4=
