github.com/tychoish/fun v0.8.3 h1:RdUzrAMqPmVljcTFBiOnvjDT6sTKFypa9Q4ygo11R6c=
github.com/tychoish/fun v0.8.3/go.mod h1:84A+BwGecz23UotmbB4mtvVS5ZcsZpspecduxpwF/XM=
github.com/tychoish/fun v0.8.4 h1:M31fylo455x7yUML+4jso3ewbf/JckkpwF/ptyXHc64=
github.com/tychoish/fun v0.8.4/go.mod h1:84A+BwGecz23UotmbB4mtvVS5ZcsZpspecduxpwF/XM=
