github.com/tychoish/fun v0.8.3 h1:RdUzrAMqPmVljcTFBiOnvjDT6sTKFypa9Q4ygo11R6c=
github.com/tychoish/fun v0.8.3/go.mod h1:84A+BwGecz23UotmbB4mtvVS5ZcsZpspecduxpwF/XM=
github.com/tychoish/grip v0.1.4-0.20230321143621-05c974012a82 h1:nCdu/5uoI0hwz6yqV/rF6Z9EdwxBlquxljgxCV75YAg=
github.com/tychoish/grip v0.1.4-0.20230321143621-05c974012a82/go.mod h1:eSURohXNMdcYOREuIsZkihUzK0Bj69uptUjFDBPpTiM=
