github.com/tychoish/fun v0.8.9 h1:4FzBUluELM5j6fJjVfR8AOZmiixD++H7Hi/8BYq0/Hk=
github.com/tychoish/fun v0.8.9/go.mod h1:84A+BwGecz23UotmbB4mtvVS5ZcsZpspecduxpwF/XM=
github.com/tychoish/grip v0.2.6 h1:Tw5+HDdN/N04qnvT2FI089C5HgnUxsqfTdZoO9yui9k=
github.com/tychoish/grip v0.2.6/go.mod h1:6z338k71NOTt1/WxR3Zhzj49GBHpr0CJXepjJORJUU0=
