github.com/tychoish/fun v0.8.5 h1:8uTFk2fG8mxDyRmqMj6llKE8+vTuQRclUkl0/tyYwAU=
github.com/tychoish/fun v0.8.5/go.mod h1:84A+BwGecz23UotmbB4mtvVS5ZcsZpspecduxpwF/XM=
github.com/tychoish/grip v0.2.3 h1:1BdIrPlXVspZTBXNxSlHM3eOlR++ZYqYj2PLcI6tOec=
github.com/tychoish/grip v0.2.3/go.mod h1:jQlzC/krYSoYf2HF5FSYBwc1ABVkWz+DKyvmff36PGc=
