github.com/tychoish/fun v0.10.3 h1:R7VIf4c8fRRSYUDMVuNzHYXLTUt7lshaXtIY7KAbko8=
github.com/tychoish/fun v0.10.3/go.mod h1:ZZfrwtsnHHV81ecZCBPp57DjjYY9Io39JH2QSXNpKn4=
github.com/tychoish/grip v0.3.4 h1:L50E1q6WvUssZITxudh+z7S7il9tifYf1wNXgx9ziRo=
github.com/tychoish/grip v0.3.4/go.mod h1:uIWUQlfPGQXpvXVuZUsXFtqLNcudOGiflUOYOcg6hCY=
