github.com/tychoish/fun v0.9.2 h1:OUGA+jHThZ/IxWATw61EJJRGRpF00IMzqQ8EhKH9HtI=
github.com/tychoish/fun v0.9.2/go.mod h1:84A+BwGecz23UotmbB4mtvVS5ZcsZpspecduxpwF/XM=
github.com/tychoish/grip v0.2.10 h1:JRtnRGlMENEu2fdGhyttzjTYhZ3kZAnqMFJM3Wog+Us=
github.com/tychoish/grip v0.2.10/go.mod h1:LPwWh6pCL3SreDklGT6wcoILH88sfH1deQvBGZg6/4M=
