github.com/tychoish/fun v0.10.9 h1:mTuS1Rp3TN5GAzDLVo09CpPnixBFD7PZKQ30QFOAvlc=
github.com/tychoish/fun v0.10.9/go.mod h1:ZZfrwtsnHHV81ecZCBPp57DjjYY9Io39JH2QSXNpKn4=
github.com/tychoish/grip v0.3.7 h1:buYuRYNWC0szZtmz74QtyhPldysPYzxgCF6wqDO49XE=
github.com/tychoish/grip v0.3.7/go.mod h1:gJt2LY5xkr5IDsZy89X3gh0JwqO1/e8+M24NQ34Cyrk=
