github.com/mattn/go-xmpp v0.0.0-20220513082406-1411b9cc8b9a h1:sKMsZuaXOyrN9kzdM3kGS4L5f0JTpno7PMIUVw5smzo=
github.com/mattn/go-xmpp v0.0.0-20220513082406-1411b9cc8b9a/go.mod h1:Cs5mF0OsrRRmhkyOod//ldNPOwJsrBvJ+1WRspv0xoc=
github.com/tychoish/fun v0.3.0 h1:6MXeGXEkCSkgSxK3hJOLg6h8ro2duXIqjwygof5Sbpk=
github.com/tychoish/grip v0.1.1 h1:P1hXdnagbrwIRWaO9+awGdEQKRkOpFBUdJf4llEyObc=
github.com/tychoish/grip v0.1.1/go.mod h1:Vxl3fsRs/5aAsnS3ff7/OT3C+A/kEWf08FgA2xSJfMY=
