github.com/coreos/go-systemd v0.0.0-20191104093116-d3cd4ed1dbcf h1:iW4rZ826su+pqaw19uhpSCzhj44qo35pNgKFGqzDKkU=
github.com/coreos/go-systemd v0.0.0-20191104093116-d3cd4ed1dbcf/go.mod h1:F5haX7vjVVG0kc13fIWeqUViNPyEJxv/OmvnBo0Yme4=
github.com/tychoish/fun v0.9.3 h1:bWYo4ZrVOLx0Z0Hai3hdck9JnpYu5HppQKgrVwwPdzg=
github.com/tychoish/fun v0.9.3/go.mod h1:84A+BwGecz23UotmbB4mtvVS5ZcsZpspecduxpwF/XM=
github.com/tychoish/grip v0.3.1 h1:+nfk1pjBFWOh27nfAcQI7mMh70dp0talc+i7D0mBy0E=
github.com/tychoish/grip v0.3.1/go.mod h1:LPwWh6pCL3SreDklGT6wcoILH88sfH1deQvBGZg6/4M=
