github.com/coreos/go-systemd v0.0.0-20191104093116-d3cd4ed1dbcf h1:iW4rZ826su+pqaw19uhpSCzhj44qo35pNgKFGqzDKkU=
github.com/coreos/go-systemd v0.0.0-20191104093116-d3cd4ed1dbcf/go.mod h1:F5haX7vjVVG0kc13fIWeqUViNPyEJxv/OmvnBo0Yme4=
github.com/tychoish/fun v0.8.3 h1:RdUzrAMqPmVljcTFBiOnvjDT6sTKFypa9Q4ygo11R6c=
github.com/tychoish/fun v0.8.3/go.mod h1:84A+BwGecz23UotmbB4mtvVS5ZcsZpspecduxpwF/XM=
github.com/tychoish/grip v0.2.1-0.20230322165316-8af4327dc8eb h1:OwcktOmO+/zHw2buVoY+n2Jk2qbY+hcevdUUMVZb6ms=
github.com/tychoish/grip v0.2.1-0.20230322165316-8af4327dc8eb/go.mod h1:Xa/9RSKDUDURXA8DSgtPnQZDROTTwAJB221aAh3Chqw=
