github.com/coreos/go-systemd v0.0.0-20191104093116-d3cd4ed1dbcf h1:iW4rZ826su+pqaw19uhpSCzhj44qo35pNgKFGqzDKkU=
github.com/coreos/go-systemd v0.0.0-20191104093116-d3cd4ed1dbcf/go.mod h1:F5haX7vjVVG0kc13fIWeqUViNPyEJxv/OmvnBo0Yme4=
github.com/tychoish/fun v0.9.2 h1:OUGA+jHThZ/IxWATw61EJJRGRpF00IMzqQ8EhKH9HtI=
github.com/tychoish/fun v0.9.2/go.mod h1:84A+BwGecz23UotmbB4mtvVS5ZcsZpspecduxpwF/XM=
github.com/tychoish/grip v0.2.9 h1:OtsK3R2hOE+d9dlawb5vDYvfmibANoW4wdQk8kU43sU=
github.com/tychoish/grip v0.2.9/go.mod h1:LPwWh6pCL3SreDklGT6wcoILH88sfH1deQvBGZg6/4M=
